// !$*UTF8*$!
{
	archiveVersion = 1;
	classes = {
	};
	objectVersion = 46;
	objects = {

		6586E24D97B24CD8762F3916 = {isa = PBXBuildFile; fileRef = F4FE23F37ABA15DFAE3E2CD7; };
		BE9880EE281D183B96BB7DAE = {isa = PBXBuildFile; fileRef = 8F2F5222BF4E2B862BB955AF; };
		E263D3F1616DBE28AA9B6D47 = {isa = PBXBuildFile; fileRef = E8B839DBE5122AD2188707CA; };
		37704F9DEEF04B5D096A62FD = {isa = PBXBuildFile; fileRef = 0FF581C48D731811BC6DAB8F; };
		A6815CC9B413574C9EBA063F = {isa = PBXBuildFile; fileRef = C44A2E0F1A85F04516975053; };
		1C972FC0873E893597FE7429 = {isa = PBXBuildFile; fileRef = D3AEA8E6F22DA49241B17512; };
		BCF0B0A6DBB3D60F638BA34F = {isa = PBXBuildFile; fileRef = 1D26FF79FCC9FA0D0A5C3170; };
		BF6B687C66728892F904308E = {isa = PBXBuildFile; fileRef = 5413B048CC2A3DEAD357F72B; };
		27F140969E5F2012A3922496 = {isa = PBXBuildFile; fileRef = 509F358961BD6AEAF47C8624; };
		AAE55C8D34DBA644C58BE41E = {isa = PBXBuildFile; fileRef = FB78540716A7CCAC329C8B50; };
		0956CCBA3B6FA2930EF1F815 = {isa = PBXBuildFile; fileRef = 9B8AF26BC0EDBD4E1EB29050; };
		C9B04ABD288110DC283F8065 = {isa = PBXBuildFile; fileRef = 8C3D1ADBA90BFAFDEA34139D; };
		FA1281B83930E068BF50935D = {isa = PBXBuildFile; fileRef = A61A7C47CD6B1EA6843534DA; };
		781508945FAB83D8CA9AD202 = {isa = PBXBuildFile; fileRef = 5320750730F96CC7A547250A; };
		2A924387BD33AE7290264DEF = {isa = PBXBuildFile; fileRef = 43B8A5075D02E1797ACDBC4E; };
		4E43396598888120ECFB95B0 = {isa = PBXBuildFile; fileRef = B47435BD7F3240EF9E3A250E; };
		ED2DF8BEFE7964CCD399AC19 = {isa = PBXBuildFile; fileRef = FF6D808F82A09605B8890DFF; };
		6106774CB39CD0FAA8D99B1B = {isa = PBXBuildFile; fileRef = D6525C1BDB33BEB55676C08E; };
		682A2FDAA2AEEC0BFE7A1736 = {isa = PBXBuildFile; fileRef = 1EED5470FB5A5C897DF5551F; };
		21FB16B0E297B65ADC8D943B = {isa = PBXBuildFile; fileRef = 9661BDD4F5A68FB9321644E1; };
		A09D56D5D65AF2DD5E6EFFEA = {isa = PBXBuildFile; fileRef = C311D63066BE34822007BA75; };
		25F2017C64D89835B4BDC867 = {isa = PBXBuildFile; fileRef = 56AF11863C83BABCEED29130; };
		DE2A27AE9BC292100E667CF4 = {isa = PBXBuildFile; fileRef = 2D14D3825B33FF24DCD51528; };
		8300115067C91E1F9D58173B = {isa = PBXBuildFile; fileRef = 74A00B04957051A651C7CA99; };
		D8792AC959D81C048543FDB8 = {isa = PBXBuildFile; fileRef = CAFF97C7033F5E572C7AD25E; };
		724BC3D8FB02FB37D574EF02 = {isa = PBXBuildFile; fileRef = 7BB3F9E84DC2D537E6B6EA76; };
		C919301C88F5E112296EF52F = {isa = PBXBuildFile; fileRef = 2C9A70D3A21396230DA9DAD2; };
		8A91BC2669F56056D86E3654 = {isa = PBXBuildFile; fileRef = CA5EF9E5C6557AA26F86EB2C; };
		4D3D8ECE9BD295E7B3997636 = {isa = PBXBuildFile; fileRef = BCC794AFBDDE7221D1880D28; };
		2E238ECA74D86F5FB8F8EF98 = {isa = PBXBuildFile; fileRef = 9F3AC1C581E18B47B7E537CD; };
		0AE8A504B7E514123496232A = {isa = PBXFileReference; lastKnownFileType = sourcecode.c.h; name = JuceHeader.h; path = ../../JuceLibraryCode/JuceHeader.h; sourceTree = "SOURCE_ROOT"; };
		0DFF47E0AB0ABF1E99AC583C = {isa = PBXFileReference; lastKnownFileType = file; name = "juce_gui_basics"; path = "../../../../JUCE/modules/juce_gui_basics"; sourceTree = "SOURCE_ROOT"; };
		0FF581C48D731811BC6DAB8F = {isa = PBXFileReference; lastKnownFileType = wrapper.framework; name = AVFoundation.framework; path = System/Library/Frameworks/AVFoundation.framework; sourceTree = SDKROOT; };
		11DA7E5C77536C21182FC302 = {isa = PBXFileReference; lastKnownFileType = file; name = "juce_graphics"; path = "../../../../JUCE/modules/juce_graphics"; sourceTree = "SOURCE_ROOT"; };
		1D26FF79FCC9FA0D0A5C3170 = {isa = PBXFileReference; lastKnownFileType = wrapper.framework; name = Cocoa.framework; path = System/Library/Frameworks/Cocoa.framework; sourceTree = SDKROOT; };
		1EED5470FB5A5C897DF5551F = {isa = PBXFileReference; lastKnownFileType = sourcecode.cpp.objcpp; name = "include_juce_audio_devices.mm"; path = "../../JuceLibraryCode/include_juce_audio_devices.mm"; sourceTree = "SOURCE_ROOT"; };
		2C9A70D3A21396230DA9DAD2 = {isa = PBXFileReference; lastKnownFileType = sourcecode.cpp.objcpp; name = "include_juce_gui_basics.mm"; path = "../../JuceLibraryCode/include_juce_gui_basics.mm"; sourceTree = "SOURCE_ROOT"; };
		2D14D3825B33FF24DCD51528 = {isa = PBXFileReference; lastKnownFileType = sourcecode.cpp.objcpp; name = "include_juce_cryptography.mm"; path = "../../JuceLibraryCode/include_juce_cryptography.mm"; sourceTree = "SOURCE_ROOT"; };
		2D319E70FBCD64E34A13E70F = {isa = PBXFileReference; lastKnownFileType = text.plist.xml; name = "Info-App.plist"; path = "Info-App.plist"; sourceTree = "SOURCE_ROOT"; };
		34FC9ED10D2ABE97227E426E = {isa = PBXFileReference; lastKnownFileType = sourcecode.c.h; name = ScatterPlot.h; path = ../../Source/ScatterPlot.h; sourceTree = "SOURCE_ROOT"; };
		38B1E33174397ADADC323CD3 = {isa = PBXFileReference; lastKnownFileType = sourcecode.c.h; name = AppConfig.h; path = ../../JuceLibraryCode/AppConfig.h; sourceTree = "SOURCE_ROOT"; };
		43B8A5075D02E1797ACDBC4E = {isa = PBXFileReference; lastKnownFileType = file.nib; name = RecentFilesMenuTemplate.nib; path = RecentFilesMenuTemplate.nib; sourceTree = "SOURCE_ROOT"; };
		49B4A2D8292E42A0019A5957 = {isa = PBXFileReference; lastKnownFileType = file; name = "juce_opengl"; path = "../../../../JUCE/modules/juce_opengl"; sourceTree = "SOURCE_ROOT"; };
		507DFD236618F763873F3355 = {isa = PBXFileReference; lastKnownFileType = file; name = "juce_audio_formats"; path = "../../../../JUCE/modules/juce_audio_formats"; sourceTree = "SOURCE_ROOT"; };
		509F358961BD6AEAF47C8624 = {isa = PBXFileReference; lastKnownFileType = wrapper.framework; name = CoreMedia.framework; path = System/Library/Frameworks/CoreMedia.framework; sourceTree = SDKROOT; };
		519CB9B514FFC93024045D18 = {isa = PBXFileReference; lastKnownFileType = file; name = "juce_core"; path = "../../../../JUCE/modules/juce_core"; sourceTree = "SOURCE_ROOT"; };
		52F927EFF5268D3ABC9CB8E8 = {isa = PBXFileReference; lastKnownFileType = file; name = "juce_audio_basics"; path = "../../../../JUCE/modules/juce_audio_basics"; sourceTree = "SOURCE_ROOT"; };
		5320750730F96CC7A547250A = {isa = PBXFileReference; lastKnownFileType = wrapper.framework; name = WebKit.framework; path = System/Library/Frameworks/WebKit.framework; sourceTree = SDKROOT; };
		5413B048CC2A3DEAD357F72B = {isa = PBXFileReference; lastKnownFileType = wrapper.framework; name = CoreAudio.framework; path = System/Library/Frameworks/CoreAudio.framework; sourceTree = SDKROOT; };
		56AF11863C83BABCEED29130 = {isa = PBXFileReference; lastKnownFileType = sourcecode.cpp.objcpp; name = "include_juce_core.mm"; path = "../../JuceLibraryCode/include_juce_core.mm"; sourceTree = "SOURCE_ROOT"; };
		6BF4BE5E902FA2415B441619 = {isa = PBXFileReference; lastKnownFileType = file; name = "juce_data_structures"; path = "../../../../JUCE/modules/juce_data_structures"; sourceTree = "SOURCE_ROOT"; };
		6FDB8B7D6933B3526AF1C984 = {isa = PBXFileReference; lastKnownFileType = file; name = "juce_audio_processors"; path = "../../../../JUCE/modules/juce_audio_processors"; sourceTree = "SOURCE_ROOT"; };
		74A00B04957051A651C7CA99 = {isa = PBXFileReference; lastKnownFileType = sourcecode.cpp.objcpp; name = "include_juce_data_structures.mm"; path = "../../JuceLibraryCode/include_juce_data_structures.mm"; sourceTree = "SOURCE_ROOT"; };
		7BB3F9E84DC2D537E6B6EA76 = {isa = PBXFileReference; lastKnownFileType = sourcecode.cpp.objcpp; name = "include_juce_graphics.mm"; path = "../../JuceLibraryCode/include_juce_graphics.mm"; sourceTree = "SOURCE_ROOT"; };
		83E5545805CD5825A3751D8B = {isa = PBXFileReference; lastKnownFileType = file; name = "juce_cryptography"; path = "../../../../JUCE/modules/juce_cryptography"; sourceTree = "SOURCE_ROOT"; };
		8C3D1ADBA90BFAFDEA34139D = {isa = PBXFileReference; lastKnownFileType = wrapper.framework; name = OpenGL.framework; path = System/Library/Frameworks/OpenGL.framework; sourceTree = SDKROOT; };
		8F2F5222BF4E2B862BB955AF = {isa = PBXFileReference; lastKnownFileType = wrapper.framework; name = Accelerate.framework; path = System/Library/Frameworks/Accelerate.framework; sourceTree = SDKROOT; };
		90169F0C226942B136193FEE = {isa = PBXFileReference; lastKnownFileType = file; name = "juce_events"; path = "../../../../JUCE/modules/juce_events"; sourceTree = "SOURCE_ROOT"; };
		9190AF6A3E437AF3F00B1809 = {isa = PBXFileReference; lastKnownFileType = file; name = "juce_video"; path = "../../../../JUCE/modules/juce_video"; sourceTree = "SOURCE_ROOT"; };
		9661BDD4F5A68FB9321644E1 = {isa = PBXFileReference; lastKnownFileType = sourcecode.cpp.objcpp; name = "include_juce_audio_formats.mm"; path = "../../JuceLibraryCode/include_juce_audio_formats.mm"; sourceTree = "SOURCE_ROOT"; };
		9B8AF26BC0EDBD4E1EB29050 = {isa = PBXFileReference; lastKnownFileType = wrapper.framework; name = IOKit.framework; path = System/Library/Frameworks/IOKit.framework; sourceTree = SDKROOT; };
		9F3AC1C581E18B47B7E537CD = {isa = PBXFileReference; lastKnownFileType = sourcecode.cpp.objcpp; name = "include_juce_video.mm"; path = "../../JuceLibraryCode/include_juce_video.mm"; sourceTree = "SOURCE_ROOT"; };
		A61A7C47CD6B1EA6843534DA = {isa = PBXFileReference; lastKnownFileType = wrapper.framework; name = QuartzCore.framework; path = System/Library/Frameworks/QuartzCore.framework; sourceTree = SDKROOT; };
		B47435BD7F3240EF9E3A250E = {isa = PBXFileReference; lastKnownFileType = sourcecode.cpp.cpp; name = ScatterPlot.cpp; path = ../../Source/ScatterPlot.cpp; sourceTree = "SOURCE_ROOT"; };
		BCC794AFBDDE7221D1880D28 = {isa = PBXFileReference; lastKnownFileType = sourcecode.cpp.objcpp; name = "include_juce_opengl.mm"; path = "../../JuceLibraryCode/include_juce_opengl.mm"; sourceTree = "SOURCE_ROOT"; };
		C311D63066BE34822007BA75 = {isa = PBXFileReference; lastKnownFileType = sourcecode.cpp.objcpp; name = "include_juce_audio_processors.mm"; path = "../../JuceLibraryCode/include_juce_audio_processors.mm"; sourceTree = "SOURCE_ROOT"; };
		C44A2E0F1A85F04516975053 = {isa = PBXFileReference; lastKnownFileType = wrapper.framework; name = AVKit.framework; path = System/Library/Frameworks/AVKit.framework; sourceTree = SDKROOT; };
		CA5EF9E5C6557AA26F86EB2C = {isa = PBXFileReference; lastKnownFileType = sourcecode.cpp.objcpp; name = "include_juce_gui_extra.mm"; path = "../../JuceLibraryCode/include_juce_gui_extra.mm"; sourceTree = "SOURCE_ROOT"; };
		CAFF97C7033F5E572C7AD25E = {isa = PBXFileReference; lastKnownFileType = sourcecode.cpp.objcpp; name = "include_juce_events.mm"; path = "../../JuceLibraryCode/include_juce_events.mm"; sourceTree = "SOURCE_ROOT"; };
		CBF76D25A4A73249B31B939B = {isa = PBXFileReference; lastKnownFileType = file; name = "juce_audio_devices"; path = "../../../../JUCE/modules/juce_audio_devices"; sourceTree = "SOURCE_ROOT"; };
		D3AEA8E6F22DA49241B17512 = {isa = PBXFileReference; lastKnownFileType = wrapper.framework; name = Carbon.framework; path = System/Library/Frameworks/Carbon.framework; sourceTree = SDKROOT; };
		D6525C1BDB33BEB55676C08E = {isa = PBXFileReference; lastKnownFileType = sourcecode.cpp.objcpp; name = "include_juce_audio_basics.mm"; path = "../../JuceLibraryCode/include_juce_audio_basics.mm"; sourceTree = "SOURCE_ROOT"; };
		E8B839DBE5122AD2188707CA = {isa = PBXFileReference; lastKnownFileType = wrapper.framework; name = AudioToolbox.framework; path = System/Library/Frameworks/AudioToolbox.framework; sourceTree = SDKROOT; };
		F4FE23F37ABA15DFAE3E2CD7 = {isa = PBXFileReference; explicitFileType = wrapper.application; includeInIndex = 0; path = "OpenGL_JUCE.app"; sourceTree = "BUILT_PRODUCTS_DIR"; };
		FA9E447377FF51094B973508 = {isa = PBXFileReference; lastKnownFileType = file; name = "juce_gui_extra"; path = "../../../../JUCE/modules/juce_gui_extra"; sourceTree = "SOURCE_ROOT"; };
		FB78540716A7CCAC329C8B50 = {isa = PBXFileReference; lastKnownFileType = wrapper.framework; name = CoreMIDI.framework; path = System/Library/Frameworks/CoreMIDI.framework; sourceTree = SDKROOT; };
		FF6D808F82A09605B8890DFF = {isa = PBXFileReference; lastKnownFileType = sourcecode.cpp.cpp; name = Main.cpp; path = ../../Source/Main.cpp; sourceTree = "SOURCE_ROOT"; };
		A36A1BF3B0EC9D8CCCC5D10C = {isa = PBXGroup; children = (
					B47435BD7F3240EF9E3A250E,
					34FC9ED10D2ABE97227E426E,
					FF6D808F82A09605B8890DFF, ); name = Source; sourceTree = "<group>"; };
		73CE432C25533B2EBEE5BE7B = {isa = PBXGroup; children = (
					A36A1BF3B0EC9D8CCCC5D10C, ); name = "OpenGL_JUCE"; sourceTree = "<group>"; };
		17E09A9540BAB32C2416081B = {isa = PBXGroup; children = (
					52F927EFF5268D3ABC9CB8E8,
					CBF76D25A4A73249B31B939B,
					507DFD236618F763873F3355,
					6FDB8B7D6933B3526AF1C984,
					519CB9B514FFC93024045D18,
					83E5545805CD5825A3751D8B,
					6BF4BE5E902FA2415B441619,
					90169F0C226942B136193FEE,
					11DA7E5C77536C21182FC302,
					0DFF47E0AB0ABF1E99AC583C,
					FA9E447377FF51094B973508,
					49B4A2D8292E42A0019A5957,
					9190AF6A3E437AF3F00B1809, ); name = "JUCE Modules"; sourceTree = "<group>"; };
		0723572BEA7677B2E9A3A473 = {isa = PBXGroup; children = (
					38B1E33174397ADADC323CD3,
					D6525C1BDB33BEB55676C08E,
					1EED5470FB5A5C897DF5551F,
					9661BDD4F5A68FB9321644E1,
					C311D63066BE34822007BA75,
					56AF11863C83BABCEED29130,
					2D14D3825B33FF24DCD51528,
					74A00B04957051A651C7CA99,
					CAFF97C7033F5E572C7AD25E,
					7BB3F9E84DC2D537E6B6EA76,
					2C9A70D3A21396230DA9DAD2,
					CA5EF9E5C6557AA26F86EB2C,
					BCC794AFBDDE7221D1880D28,
					9F3AC1C581E18B47B7E537CD,
					0AE8A504B7E514123496232A, ); name = "JUCE Library Code"; sourceTree = "<group>"; };
		608463D5D920878C8C7337DB = {isa = PBXGroup; children = (
					2D319E70FBCD64E34A13E70F,
					43B8A5075D02E1797ACDBC4E, ); name = Resources; sourceTree = "<group>"; };
		3A86CDEF9F29133D7794AC15 = {isa = PBXGroup; children = (
					8F2F5222BF4E2B862BB955AF,
					E8B839DBE5122AD2188707CA,
					0FF581C48D731811BC6DAB8F,
					C44A2E0F1A85F04516975053,
					D3AEA8E6F22DA49241B17512,
					1D26FF79FCC9FA0D0A5C3170,
					5413B048CC2A3DEAD357F72B,
					509F358961BD6AEAF47C8624,
					FB78540716A7CCAC329C8B50,
					9B8AF26BC0EDBD4E1EB29050,
					8C3D1ADBA90BFAFDEA34139D,
					A61A7C47CD6B1EA6843534DA,
					5320750730F96CC7A547250A, ); name = Frameworks; sourceTree = "<group>"; };
		EEE94C5AFBC3AC9D7CDA9F8A = {isa = PBXGroup; children = (
					F4FE23F37ABA15DFAE3E2CD7, ); name = Products; sourceTree = "<group>"; };
		BBB2179725FB2E24E1503880 = {isa = PBXGroup; children = (
					73CE432C25533B2EBEE5BE7B,
					17E09A9540BAB32C2416081B,
					0723572BEA7677B2E9A3A473,
					608463D5D920878C8C7337DB,
					3A86CDEF9F29133D7794AC15,
					EEE94C5AFBC3AC9D7CDA9F8A, ); name = Source; sourceTree = "<group>"; };
		5C9204F79CF0F1B1EC91765B = {isa = XCBuildConfiguration; buildSettings = {
				CLANG_CXX_LANGUAGE_STANDARD = "c++14";
				CLANG_LINK_OBJC_RUNTIME = NO;
				COMBINE_HIDPI_IMAGES = YES;
				CONFIGURATION_BUILD_DIR = "$(PROJECT_DIR)/build/$(CONFIGURATION)";
				COPY_PHASE_STRIP = NO;
				GCC_DYNAMIC_NO_PIC = NO;
				GCC_OPTIMIZATION_LEVEL = 0;
				GCC_PREPROCESSOR_DEFINITIONS = (
					"_DEBUG=1",
					"DEBUG=1",
					"JUCER_XCODE_MAC_F6D2F4CF=1",
					"JUCE_APP_VERSION=1.0.0",
					"JUCE_APP_VERSION_HEX=0x10000",
					"JucePlugin_Build_VST=0",
					"JucePlugin_Build_VST3=0",
					"JucePlugin_Build_AU=0",
					"JucePlugin_Build_AUv3=0",
					"JucePlugin_Build_RTAS=0",
					"JucePlugin_Build_AAX=0",
					"JucePlugin_Build_Standalone=0", );
				GCC_VERSION = com.apple.compilers.llvm.clang.1_0;
				HEADER_SEARCH_PATHS = ("../../JuceLibraryCode", "../../../../JUCE/modules", "/usr/local/Cellar/glm/0.9.8.5/include", "$(inherited)");
				INFOPLIST_FILE = Info-App.plist;
				INFOPLIST_PREPROCESS = NO;
				INSTALL_PATH = "$(HOME)/Applications";
				MACOSX_DEPLOYMENT_TARGET = 10.11;
				MACOSX_DEPLOYMENT_TARGET_ppc = 10.4;
				PRODUCT_BUNDLE_IDENTIFIER = com.yourcompany.OpenGL_JUCE;
				SDKROOT_ppc = macosx10.5;
				USE_HEADERMAP = NO; }; name = Debug; };
		43C62C0CF2250ABB5A51EFF8 = {isa = XCBuildConfiguration; buildSettings = {
				CLANG_CXX_LANGUAGE_STANDARD = "c++14";
				CLANG_LINK_OBJC_RUNTIME = NO;
				COMBINE_HIDPI_IMAGES = YES;
				CONFIGURATION_BUILD_DIR = "$(PROJECT_DIR)/build/$(CONFIGURATION)";
				DEAD_CODE_STRIPPING = YES;
				GCC_GENERATE_DEBUGGING_SYMBOLS = NO;
				GCC_OPTIMIZATION_LEVEL = 3;
				GCC_PREPROCESSOR_DEFINITIONS = (
					"_NDEBUG=1",
					"NDEBUG=1",
					"JUCER_XCODE_MAC_F6D2F4CF=1",
					"JUCE_APP_VERSION=1.0.0",
					"JUCE_APP_VERSION_HEX=0x10000",
					"JucePlugin_Build_VST=0",
					"JucePlugin_Build_VST3=0",
					"JucePlugin_Build_AU=0",
					"JucePlugin_Build_AUv3=0",
					"JucePlugin_Build_RTAS=0",
					"JucePlugin_Build_AAX=0",
					"JucePlugin_Build_Standalone=0", );
				GCC_SYMBOLS_PRIVATE_EXTERN = YES;
				GCC_VERSION = com.apple.compilers.llvm.clang.1_0;
				HEADER_SEARCH_PATHS = ("../../JuceLibraryCode", "../../../../JUCE/modules", "/usr/local/Cellar/glm/0.9.8.5/include", "$(inherited)");
				INFOPLIST_FILE = Info-App.plist;
				INFOPLIST_PREPROCESS = NO;
				INSTALL_PATH = "$(HOME)/Applications";
				LLVM_LTO = YES;
				MACOSX_DEPLOYMENT_TARGET = 10.11;
				MACOSX_DEPLOYMENT_TARGET_ppc = 10.4;
				PRODUCT_BUNDLE_IDENTIFIER = com.yourcompany.OpenGL_JUCE;
				SDKROOT_ppc = macosx10.5;
				USE_HEADERMAP = NO; }; name = Release; };
		35DEA51499165E8C0F73F92C = {isa = XCBuildConfiguration; buildSettings = {
				ALWAYS_SEARCH_USER_PATHS = NO;
				CLANG_WARN_BLOCK_CAPTURE_AUTORELEASING = YES;
				CLANG_WARN_BOOL_CONVERSION = YES;
				CLANG_WARN_COMMA = YES;
				CLANG_WARN_CONSTANT_CONVERSION = YES;
				CLANG_WARN_EMPTY_BODY = YES;
				CLANG_WARN_ENUM_CONVERSION = YES;
				CLANG_WARN_INFINITE_RECURSION = YES;
				CLANG_WARN_INT_CONVERSION = YES;
				CLANG_WARN_NON_LITERAL_NULL_CONVERSION = YES;
				CLANG_WARN_OBJC_LITERAL_CONVERSION = YES;
				CLANG_WARN_RANGE_LOOP_ANALYSIS = YES;
				CLANG_WARN_STRICT_PROTOTYPES = YES;
				CLANG_WARN_SUSPICIOUS_MOVE = YES;
				CLANG_WARN_UNREACHABLE_CODE = YES;
				CLANG_WARN__DUPLICATE_METHOD_MATCH = YES;
				DEBUG_INFORMATION_FORMAT = "dwarf";
				ENABLE_STRICT_OBJC_MSGSEND = YES;
				ENABLE_TESTABILITY = YES;
				GCC_C_LANGUAGE_STANDARD = c11;
				GCC_INLINES_ARE_PRIVATE_EXTERN = YES;
				GCC_MODEL_TUNING = G5;
				GCC_NO_COMMON_BLOCKS = YES;
				GCC_WARN_64_TO_32_BIT_CONVERSION = YES;
				GCC_WARN_ABOUT_RETURN_TYPE = YES;
				GCC_WARN_CHECK_SWITCH_STATEMENTS = YES;
				GCC_WARN_MISSING_PARENTHESES = YES;
				GCC_WARN_NON_VIRTUAL_DESTRUCTOR = YES;
				GCC_WARN_TYPECHECK_CALLS_TO_PRINTF = YES;
				GCC_WARN_UNDECLARED_SELECTOR = YES;
				GCC_WARN_UNINITIALIZED_AUTOS = YES;
				GCC_WARN_UNUSED_FUNCTION = YES;
				GCC_WARN_UNUSED_VARIABLE = YES;
				ONLY_ACTIVE_ARCH = YES;
				PRODUCT_NAME = "OpenGL_JUCE";
				WARNING_CFLAGS = -Wreorder;
				ZERO_LINK = NO; }; name = Debug; };
		57EDF8DBC6CCEDFCE10B312A = {isa = XCBuildConfiguration; buildSettings = {
				ALWAYS_SEARCH_USER_PATHS = NO;
				CLANG_WARN_BLOCK_CAPTURE_AUTORELEASING = YES;
				CLANG_WARN_BOOL_CONVERSION = YES;
				CLANG_WARN_COMMA = YES;
				CLANG_WARN_CONSTANT_CONVERSION = YES;
				CLANG_WARN_EMPTY_BODY = YES;
				CLANG_WARN_ENUM_CONVERSION = YES;
				CLANG_WARN_INFINITE_RECURSION = YES;
				CLANG_WARN_INT_CONVERSION = YES;
				CLANG_WARN_NON_LITERAL_NULL_CONVERSION = YES;
				CLANG_WARN_OBJC_LITERAL_CONVERSION = YES;
				CLANG_WARN_RANGE_LOOP_ANALYSIS = YES;
				CLANG_WARN_STRICT_PROTOTYPES = YES;
				CLANG_WARN_SUSPICIOUS_MOVE = YES;
				CLANG_WARN_UNREACHABLE_CODE = YES;
				CLANG_WARN__DUPLICATE_METHOD_MATCH = YES;
				DEBUG_INFORMATION_FORMAT = "dwarf";
				ENABLE_STRICT_OBJC_MSGSEND = YES;
				GCC_C_LANGUAGE_STANDARD = c11;
				GCC_INLINES_ARE_PRIVATE_EXTERN = YES;
				GCC_MODEL_TUNING = G5;
				GCC_NO_COMMON_BLOCKS = YES;
				GCC_WARN_64_TO_32_BIT_CONVERSION = YES;
				GCC_WARN_ABOUT_RETURN_TYPE = YES;
				GCC_WARN_CHECK_SWITCH_STATEMENTS = YES;
				GCC_WARN_MISSING_PARENTHESES = YES;
				GCC_WARN_NON_VIRTUAL_DESTRUCTOR = YES;
				GCC_WARN_TYPECHECK_CALLS_TO_PRINTF = YES;
				GCC_WARN_UNDECLARED_SELECTOR = YES;
				GCC_WARN_UNINITIALIZED_AUTOS = YES;
				GCC_WARN_UNUSED_FUNCTION = YES;
				GCC_WARN_UNUSED_VARIABLE = YES;
				PRODUCT_NAME = "OpenGL_JUCE";
				WARNING_CFLAGS = -Wreorder;
				ZERO_LINK = NO; }; name = Release; };
		9CE1165874C03ADC6BD9EB98 = {isa = PBXTargetDependency; target = C08CE56A69C2D13494EEFC6F; };
		05CCB884D855200DF4FF6B88 = {isa = XCConfigurationList; buildConfigurations = (
					35DEA51499165E8C0F73F92C,
					57EDF8DBC6CCEDFCE10B312A, ); defaultConfigurationIsVisible = 0; defaultConfigurationName = Debug; };
		0DA5D3D5D16B3694EF2A3150 = {isa = XCConfigurationList; buildConfigurations = (
					5C9204F79CF0F1B1EC91765B,
					43C62C0CF2250ABB5A51EFF8, ); defaultConfigurationIsVisible = 0; defaultConfigurationName = Debug; };
		0EC8F61C29254666CCE6626E = {isa = PBXResourcesBuildPhase; buildActionMask = 2147483647; files = (
					2A924387BD33AE7290264DEF, ); runOnlyForDeploymentPostprocessing = 0; };
		262169DC39A55F665EA5F64B = {isa = PBXSourcesBuildPhase; buildActionMask = 2147483647; files = (
					4E43396598888120ECFB95B0,
					ED2DF8BEFE7964CCD399AC19,
					6106774CB39CD0FAA8D99B1B,
					682A2FDAA2AEEC0BFE7A1736,
					21FB16B0E297B65ADC8D943B,
					A09D56D5D65AF2DD5E6EFFEA,
					25F2017C64D89835B4BDC867,
					DE2A27AE9BC292100E667CF4,
					8300115067C91E1F9D58173B,
					D8792AC959D81C048543FDB8,
					724BC3D8FB02FB37D574EF02,
					C919301C88F5E112296EF52F,
					8A91BC2669F56056D86E3654,
					4D3D8ECE9BD295E7B3997636,
					2E238ECA74D86F5FB8F8EF98, ); runOnlyForDeploymentPostprocessing = 0; };
		2E3B521ECC86D34C5D3BE862 = {isa = PBXFrameworksBuildPhase; buildActionMask = 2147483647; files = (
					BE9880EE281D183B96BB7DAE,
					E263D3F1616DBE28AA9B6D47,
					37704F9DEEF04B5D096A62FD,
					A6815CC9B413574C9EBA063F,
					1C972FC0873E893597FE7429,
					BCF0B0A6DBB3D60F638BA34F,
					BF6B687C66728892F904308E,
					27F140969E5F2012A3922496,
					AAE55C8D34DBA644C58BE41E,
					0956CCBA3B6FA2930EF1F815,
					C9B04ABD288110DC283F8065,
					FA1281B83930E068BF50935D,
					781508945FAB83D8CA9AD202, ); runOnlyForDeploymentPostprocessing = 0; };
		C08CE56A69C2D13494EEFC6F = {isa = PBXNativeTarget; buildConfigurationList = 0DA5D3D5D16B3694EF2A3150; buildPhases = (
					0EC8F61C29254666CCE6626E,
					262169DC39A55F665EA5F64B,
					2E3B521ECC86D34C5D3BE862, ); buildRules = ( ); dependencies = (  ); name = "OpenGL_JUCE - App"; productName = "OpenGL_JUCE"; productReference = F4FE23F37ABA15DFAE3E2CD7; productType = "com.apple.product-type.application"; };
		9A291A150ADA0783797461A7 = {isa = PBXProject; buildConfigurationList = 05CCB884D855200DF4FF6B88; attributes = { LastUpgradeCheck = 0830; ORGANIZATIONNAME = ""; TargetAttributes = { C08CE56A69C2D13494EEFC6F = { SystemCapabilities = {com.apple.ApplicationGroups.iOS = { enabled = 0; }; com.apple.InAppPurchase = { enabled = 0; }; com.apple.InterAppAudio = { enabled = 0; }; com.apple.Push = { enabled = 0; }; com.apple.Sandbox = { enabled = 0; }; }; }; }; }; compatibilityVersion = "Xcode 3.2"; hasScannedForEncodings = 0; mainGroup = BBB2179725FB2E24E1503880; projectDirPath = ""; projectRoot = ""; targets = (C08CE56A69C2D13494EEFC6F); };
	};
	rootObject = 9A291A150ADA0783797461A7;
}
